
Microsoft Visual Studio Solution File, Format Version 12.00
# Visual Studio Version 16
VisualStudioVersion = 16.0.29519.181
MinimumVisualStudioVersion = 10.0.40219.1
Project("{FAE04EC0-301F-11D3-BF4B-00C04F79EFBC}") = "SwitchMonitorInputsPS4", "SwitchMonitorInputsPS4\SwitchMonitorInputsPS4.csproj", "{14DF0CF7-43D8-4132-84A1-42FA4AD7E3B2}"
EndProject
Global
	GlobalSection(SolutionConfigurationPlatforms) = preSolution
		Debug|Any CPU = Debug|Any CPU
		Release|Any CPU = Release|Any CPU
	EndGlobalSection
	GlobalSection(ProjectConfigurationPlatforms) = postSolution
		{14DF0CF7-43D8-4132-84A1-42FA4AD7E3B2}.Debug|Any CPU.ActiveCfg = Debug|Any CPU
		{14DF0CF7-43D8-4132-84A1-42FA4AD7E3B2}.Debug|Any CPU.Build.0 = Debug|Any CPU
		{14DF0CF7-43D8-4132-84A1-42FA4AD7E3B2}.Release|Any CPU.ActiveCfg = Release|Any CPU
		{14DF0CF7-43D8-4132-84A1-42FA4AD7E3B2}.Release|Any CPU.Build.0 = Release|Any CPU
	EndGlobalSection
	GlobalSection(SolutionProperties) = preSolution
		HideSolutionNode = FALSE
	EndGlobalSection
	GlobalSection(ExtensibilityGlobals) = postSolution
		SolutionGuid = {8262C215-E567-468D-A865-76A560167BC6}
	EndGlobalSection
EndGlobal
